
Microsoft Visual Studio Solution File, Format Version 12.00
# Visual Studio Version 17
VisualStudioVersion = 17.8.34408.163
MinimumVisualStudioVersion = 10.0.40219.1
Project("{FAE04EC0-301F-11D3-BF4B-00C04F79EFBC}") = "Presentation", "Presentation\Presentation.csproj", "{5041C90F-9BE3-4E99-8109-62230E846A8A}"
EndProject
Project("{FAE04EC0-301F-11D3-BF4B-00C04F79EFBC}") = "Model", "Model\Model.csproj", "{5BF847D6-5B10-46D3-B2E2-505803861985}"
EndProject
Project("{FAE04EC0-301F-11D3-BF4B-00C04F79EFBC}") = "Data", "Data\Data.csproj", "{F84079AA-31EA-41A2-9A3C-67F6B864B2F1}"
EndProject
Project("{FAE04EC0-301F-11D3-BF4B-00C04F79EFBC}") = "Business", "Business\Business.csproj", "{8BCD9CEE-3A48-4366-A3AA-A21916600B97}"
EndProject
Global
	GlobalSection(SolutionConfigurationPlatforms) = preSolution
		Debug|Any CPU = Debug|Any CPU
		Release|Any CPU = Release|Any CPU
	EndGlobalSection
	GlobalSection(ProjectConfigurationPlatforms) = postSolution
		{5041C90F-9BE3-4E99-8109-62230E846A8A}.Debug|Any CPU.ActiveCfg = Debug|Any CPU
		{5041C90F-9BE3-4E99-8109-62230E846A8A}.Debug|Any CPU.Build.0 = Debug|Any CPU
		{5041C90F-9BE3-4E99-8109-62230E846A8A}.Release|Any CPU.ActiveCfg = Release|Any CPU
		{5041C90F-9BE3-4E99-8109-62230E846A8A}.Release|Any CPU.Build.0 = Release|Any CPU
		{5BF847D6-5B10-46D3-B2E2-505803861985}.Debug|Any CPU.ActiveCfg = Debug|Any CPU
		{5BF847D6-5B10-46D3-B2E2-505803861985}.Debug|Any CPU.Build.0 = Debug|Any CPU
		{5BF847D6-5B10-46D3-B2E2-505803861985}.Release|Any CPU.ActiveCfg = Release|Any CPU
		{5BF847D6-5B10-46D3-B2E2-505803861985}.Release|Any CPU.Build.0 = Release|Any CPU
		{F84079AA-31EA-41A2-9A3C-67F6B864B2F1}.Debug|Any CPU.ActiveCfg = Debug|Any CPU
		{F84079AA-31EA-41A2-9A3C-67F6B864B2F1}.Debug|Any CPU.Build.0 = Debug|Any CPU
		{F84079AA-31EA-41A2-9A3C-67F6B864B2F1}.Release|Any CPU.ActiveCfg = Release|Any CPU
		{F84079AA-31EA-41A2-9A3C-67F6B864B2F1}.Release|Any CPU.Build.0 = Release|Any CPU
		{8BCD9CEE-3A48-4366-A3AA-A21916600B97}.Debug|Any CPU.ActiveCfg = Debug|Any CPU
		{8BCD9CEE-3A48-4366-A3AA-A21916600B97}.Debug|Any CPU.Build.0 = Debug|Any CPU
		{8BCD9CEE-3A48-4366-A3AA-A21916600B97}.Release|Any CPU.ActiveCfg = Release|Any CPU
		{8BCD9CEE-3A48-4366-A3AA-A21916600B97}.Release|Any CPU.Build.0 = Release|Any CPU
	EndGlobalSection
	GlobalSection(SolutionProperties) = preSolution
		HideSolutionNode = FALSE
	EndGlobalSection
	GlobalSection(ExtensibilityGlobals) = postSolution
		SolutionGuid = {39D53FAE-3493-4E3A-8594-1F0D7B487AE2}
	EndGlobalSection
EndGlobal
